
Microsoft Visual Studio Solution File, Format Version 12.00
# Visual Studio Version 17
VisualStudioVersion = 17.10.35027.167
MinimumVisualStudioVersion = 10.0.40219.1
Project("{9A19103F-16F7-4668-BE54-9A1E7A4F7556}") = "PokeminReview", "PokeminReview\PokeminReview.csproj", "{5CFFAC2E-3FCA-4151-A087-7292875A6D89}"
EndProject
Project("{9A19103F-16F7-4668-BE54-9A1E7A4F7556}") = "PokeminReview.AppHost", "PokeminReview.AppHost\PokeminReview.AppHost.csproj", "{75A25E5F-9DC9-495F-B12B-7466248368EC}"
EndProject
Project("{9A19103F-16F7-4668-BE54-9A1E7A4F7556}") = "PokeminReview.ServiceDefaults", "PokeminReview.ServiceDefaults\PokeminReview.ServiceDefaults.csproj", "{ADE5E64D-54DA-48D6-846F-1A3C68AD8E2D}"
EndProject
Global
	GlobalSection(SolutionConfigurationPlatforms) = preSolution
		Debug|Any CPU = Debug|Any CPU
		Release|Any CPU = Release|Any CPU
	EndGlobalSection
	GlobalSection(ProjectConfigurationPlatforms) = postSolution
		{5CFFAC2E-3FCA-4151-A087-7292875A6D89}.Debug|Any CPU.ActiveCfg = Debug|Any CPU
		{5CFFAC2E-3FCA-4151-A087-7292875A6D89}.Debug|Any CPU.Build.0 = Debug|Any CPU
		{5CFFAC2E-3FCA-4151-A087-7292875A6D89}.Release|Any CPU.ActiveCfg = Release|Any CPU
		{5CFFAC2E-3FCA-4151-A087-7292875A6D89}.Release|Any CPU.Build.0 = Release|Any CPU
		{75A25E5F-9DC9-495F-B12B-7466248368EC}.Debug|Any CPU.ActiveCfg = Debug|Any CPU
		{75A25E5F-9DC9-495F-B12B-7466248368EC}.Debug|Any CPU.Build.0 = Debug|Any CPU
		{75A25E5F-9DC9-495F-B12B-7466248368EC}.Release|Any CPU.ActiveCfg = Release|Any CPU
		{75A25E5F-9DC9-495F-B12B-7466248368EC}.Release|Any CPU.Build.0 = Release|Any CPU
		{ADE5E64D-54DA-48D6-846F-1A3C68AD8E2D}.Debug|Any CPU.ActiveCfg = Debug|Any CPU
		{ADE5E64D-54DA-48D6-846F-1A3C68AD8E2D}.Debug|Any CPU.Build.0 = Debug|Any CPU
		{ADE5E64D-54DA-48D6-846F-1A3C68AD8E2D}.Release|Any CPU.ActiveCfg = Release|Any CPU
		{ADE5E64D-54DA-48D6-846F-1A3C68AD8E2D}.Release|Any CPU.Build.0 = Release|Any CPU
	EndGlobalSection
	GlobalSection(SolutionProperties) = preSolution
		HideSolutionNode = FALSE
	EndGlobalSection
	GlobalSection(ExtensibilityGlobals) = postSolution
		SolutionGuid = {F9F62B03-CC1D-4C73-9114-6FA80F13C47C}
	EndGlobalSection
EndGlobal
